
Microsoft Visual Studio Solution File, Format Version 12.00
# Visual Studio Version 17
VisualStudioVersion = 17.5.2.0
MinimumVisualStudioVersion = 10.0.40219.1
Project("{FAE04EC0-301F-11D3-BF4B-00C04F79EFBC}") = "AyalasLanguageAPI", "apps\AyalasLanguageAPI\AyalasLanguageAPI.csproj", "{92F22518-F3D1-104D-05D4-2DD9063FB3DB}"
EndProject
Project("{FAE04EC0-301F-11D3-BF4B-00C04F79EFBC}") = "AyalasLanguageAPI.Data.Migrations.MySQL", "dotnet-libs\AyalasLanguageAPI.Data.Migrations.MySQL\AyalasLanguageAPI.Data.Migrations.MySQL.csproj", "{B5B805F6-D4CE-4665-8790-C6D7CD97DDD9}"
EndProject
Project("{FAE04EC0-301F-11D3-BF4B-00C04F79EFBC}") = "AyalasLanguageAPI.Data.Migrations.SQLite", "dotnet-libs\AyalasLanguageAPI.Data.Migrations.SQLite\AyalasLanguageAPI.Data.Migrations.SQLite.csproj", "{69ECCF61-C7B6-4F76-8BD4-071AAAA45127}"
EndProject
Project("{FAE04EC0-301F-11D3-BF4B-00C04F79EFBC}") = "AyalasLanguageAPI.Data", "dotnet-libs\AyalasLanguageAPI.Data\AyalasLanguageAPI.Data.csproj", "{64E1D2C8-E258-4A5C-9A7F-0496CF901EAC}"
EndProject
Project("{2150E333-8FDC-42A3-9474-1A3956D46DE8}") = "extras", "extras", "{45862C35-0FE3-F509-FF75-57B4FF6ADE57}"
EndProject
Project("{FAE04EC0-301F-11D3-BF4B-00C04F79EFBC}") = "Tryouts", "extras\Tryouts\Tryouts.csproj", "{636CFCD8-788E-4DF2-913F-426325A5E8A2}"
EndProject
Global
	GlobalSection(SolutionConfigurationPlatforms) = preSolution
		Debug|Any CPU = Debug|Any CPU
		Debug|x64 = Debug|x64
		Debug|x86 = Debug|x86
		Release|Any CPU = Release|Any CPU
		Release|x64 = Release|x64
		Release|x86 = Release|x86
	EndGlobalSection
	GlobalSection(ProjectConfigurationPlatforms) = postSolution
		{92F22518-F3D1-104D-05D4-2DD9063FB3DB}.Debug|Any CPU.ActiveCfg = Debug|Any CPU
		{92F22518-F3D1-104D-05D4-2DD9063FB3DB}.Debug|Any CPU.Build.0 = Debug|Any CPU
		{92F22518-F3D1-104D-05D4-2DD9063FB3DB}.Debug|x64.ActiveCfg = Debug|Any CPU
		{92F22518-F3D1-104D-05D4-2DD9063FB3DB}.Debug|x64.Build.0 = Debug|Any CPU
		{92F22518-F3D1-104D-05D4-2DD9063FB3DB}.Debug|x86.ActiveCfg = Debug|Any CPU
		{92F22518-F3D1-104D-05D4-2DD9063FB3DB}.Debug|x86.Build.0 = Debug|Any CPU
		{92F22518-F3D1-104D-05D4-2DD9063FB3DB}.Release|Any CPU.ActiveCfg = Release|Any CPU
		{92F22518-F3D1-104D-05D4-2DD9063FB3DB}.Release|Any CPU.Build.0 = Release|Any CPU
		{92F22518-F3D1-104D-05D4-2DD9063FB3DB}.Release|x64.ActiveCfg = Release|Any CPU
		{92F22518-F3D1-104D-05D4-2DD9063FB3DB}.Release|x64.Build.0 = Release|Any CPU
		{92F22518-F3D1-104D-05D4-2DD9063FB3DB}.Release|x86.ActiveCfg = Release|Any CPU
		{92F22518-F3D1-104D-05D4-2DD9063FB3DB}.Release|x86.Build.0 = Release|Any CPU
		{B5B805F6-D4CE-4665-8790-C6D7CD97DDD9}.Debug|Any CPU.ActiveCfg = Debug|Any CPU
		{B5B805F6-D4CE-4665-8790-C6D7CD97DDD9}.Debug|Any CPU.Build.0 = Debug|Any CPU
		{B5B805F6-D4CE-4665-8790-C6D7CD97DDD9}.Debug|x64.ActiveCfg = Debug|Any CPU
		{B5B805F6-D4CE-4665-8790-C6D7CD97DDD9}.Debug|x64.Build.0 = Debug|Any CPU
		{B5B805F6-D4CE-4665-8790-C6D7CD97DDD9}.Debug|x86.ActiveCfg = Debug|Any CPU
		{B5B805F6-D4CE-4665-8790-C6D7CD97DDD9}.Debug|x86.Build.0 = Debug|Any CPU
		{B5B805F6-D4CE-4665-8790-C6D7CD97DDD9}.Release|Any CPU.ActiveCfg = Release|Any CPU
		{B5B805F6-D4CE-4665-8790-C6D7CD97DDD9}.Release|Any CPU.Build.0 = Release|Any CPU
		{B5B805F6-D4CE-4665-8790-C6D7CD97DDD9}.Release|x64.ActiveCfg = Release|Any CPU
		{B5B805F6-D4CE-4665-8790-C6D7CD97DDD9}.Release|x64.Build.0 = Release|Any CPU
		{B5B805F6-D4CE-4665-8790-C6D7CD97DDD9}.Release|x86.ActiveCfg = Release|Any CPU
		{B5B805F6-D4CE-4665-8790-C6D7CD97DDD9}.Release|x86.Build.0 = Release|Any CPU
		{69ECCF61-C7B6-4F76-8BD4-071AAAA45127}.Debug|Any CPU.ActiveCfg = Debug|Any CPU
		{69ECCF61-C7B6-4F76-8BD4-071AAAA45127}.Debug|Any CPU.Build.0 = Debug|Any CPU
		{69ECCF61-C7B6-4F76-8BD4-071AAAA45127}.Debug|x64.ActiveCfg = Debug|Any CPU
		{69ECCF61-C7B6-4F76-8BD4-071AAAA45127}.Debug|x64.Build.0 = Debug|Any CPU
		{69ECCF61-C7B6-4F76-8BD4-071AAAA45127}.Debug|x86.ActiveCfg = Debug|Any CPU
		{69ECCF61-C7B6-4F76-8BD4-071AAAA45127}.Debug|x86.Build.0 = Debug|Any CPU
		{69ECCF61-C7B6-4F76-8BD4-071AAAA45127}.Release|Any CPU.ActiveCfg = Release|Any CPU
		{69ECCF61-C7B6-4F76-8BD4-071AAAA45127}.Release|Any CPU.Build.0 = Release|Any CPU
		{69ECCF61-C7B6-4F76-8BD4-071AAAA45127}.Release|x64.ActiveCfg = Release|Any CPU
		{69ECCF61-C7B6-4F76-8BD4-071AAAA45127}.Release|x64.Build.0 = Release|Any CPU
		{69ECCF61-C7B6-4F76-8BD4-071AAAA45127}.Release|x86.ActiveCfg = Release|Any CPU
		{69ECCF61-C7B6-4F76-8BD4-071AAAA45127}.Release|x86.Build.0 = Release|Any CPU
		{64E1D2C8-E258-4A5C-9A7F-0496CF901EAC}.Debug|Any CPU.ActiveCfg = Debug|Any CPU
		{64E1D2C8-E258-4A5C-9A7F-0496CF901EAC}.Debug|Any CPU.Build.0 = Debug|Any CPU
		{64E1D2C8-E258-4A5C-9A7F-0496CF901EAC}.Debug|x64.ActiveCfg = Debug|Any CPU
		{64E1D2C8-E258-4A5C-9A7F-0496CF901EAC}.Debug|x64.Build.0 = Debug|Any CPU
		{64E1D2C8-E258-4A5C-9A7F-0496CF901EAC}.Debug|x86.ActiveCfg = Debug|Any CPU
		{64E1D2C8-E258-4A5C-9A7F-0496CF901EAC}.Debug|x86.Build.0 = Debug|Any CPU
		{64E1D2C8-E258-4A5C-9A7F-0496CF901EAC}.Release|Any CPU.ActiveCfg = Release|Any CPU
		{64E1D2C8-E258-4A5C-9A7F-0496CF901EAC}.Release|Any CPU.Build.0 = Release|Any CPU
		{64E1D2C8-E258-4A5C-9A7F-0496CF901EAC}.Release|x64.ActiveCfg = Release|Any CPU
		{64E1D2C8-E258-4A5C-9A7F-0496CF901EAC}.Release|x64.Build.0 = Release|Any CPU
		{64E1D2C8-E258-4A5C-9A7F-0496CF901EAC}.Release|x86.ActiveCfg = Release|Any CPU
		{64E1D2C8-E258-4A5C-9A7F-0496CF901EAC}.Release|x86.Build.0 = Release|Any CPU
		{636CFCD8-788E-4DF2-913F-426325A5E8A2}.Debug|Any CPU.ActiveCfg = Debug|Any CPU
		{636CFCD8-788E-4DF2-913F-426325A5E8A2}.Debug|Any CPU.Build.0 = Debug|Any CPU
		{636CFCD8-788E-4DF2-913F-426325A5E8A2}.Debug|x64.ActiveCfg = Debug|Any CPU
		{636CFCD8-788E-4DF2-913F-426325A5E8A2}.Debug|x64.Build.0 = Debug|Any CPU
		{636CFCD8-788E-4DF2-913F-426325A5E8A2}.Debug|x86.ActiveCfg = Debug|Any CPU
		{636CFCD8-788E-4DF2-913F-426325A5E8A2}.Debug|x86.Build.0 = Debug|Any CPU
		{636CFCD8-788E-4DF2-913F-426325A5E8A2}.Release|Any CPU.ActiveCfg = Release|Any CPU
		{636CFCD8-788E-4DF2-913F-426325A5E8A2}.Release|Any CPU.Build.0 = Release|Any CPU
		{636CFCD8-788E-4DF2-913F-426325A5E8A2}.Release|x64.ActiveCfg = Release|Any CPU
		{636CFCD8-788E-4DF2-913F-426325A5E8A2}.Release|x64.Build.0 = Release|Any CPU
		{636CFCD8-788E-4DF2-913F-426325A5E8A2}.Release|x86.ActiveCfg = Release|Any CPU
		{636CFCD8-788E-4DF2-913F-426325A5E8A2}.Release|x86.Build.0 = Release|Any CPU
	EndGlobalSection
	GlobalSection(SolutionProperties) = preSolution
		HideSolutionNode = FALSE
	EndGlobalSection
	GlobalSection(NestedProjects) = preSolution
		{636CFCD8-788E-4DF2-913F-426325A5E8A2} = {45862C35-0FE3-F509-FF75-57B4FF6ADE57}
	EndGlobalSection
	GlobalSection(ExtensibilityGlobals) = postSolution
		SolutionGuid = {CC43E36E-0AC9-47A4-BE2F-314C9CE7B4F5}
	EndGlobalSection
EndGlobal
